
Microsoft Visual Studio Solution File, Format Version 12.00
# Visual Studio Version 17
VisualStudioVersion = 17.5.33414.496
MinimumVisualStudioVersion = 10.0.40219.1
Project("{9A19103F-16F7-4668-BE54-9A1E7A4F7556}") = "tScreen.Api", "tScreen.Api\tScreen.Api.csproj", "{7439AE24-620A-42B3-9811-31507017D22D}"
EndProject
Project("{2150E333-8FDC-42A3-9474-1A3956D46DE8}") = "Api", "Api", "{B28608C7-6EE3-4342-AE03-4D7D5E4226A6}"
EndProject
Project("{2150E333-8FDC-42A3-9474-1A3956D46DE8}") = "Worker", "Worker", "{EDCD9B2B-2876-412F-847A-9C68C1985914}"
EndProject
Project("{FAE04EC0-301F-11D3-BF4B-00C04F79EFBC}") = "tScreen.Functions", "tScreen.Functions\tScreen.Functions.csproj", "{A3277BB4-241D-4C96-B9F0-F37B80C20899}"
EndProject
Project("{2150E333-8FDC-42A3-9474-1A3956D46DE8}") = "Build", "Build", "{FF4567A3-01BC-4CC5-965C-46DC5C6158C1}"
EndProject
Project("{2150E333-8FDC-42A3-9474-1A3956D46DE8}") = "Data", "Data", "{F0650443-1779-4374-88B2-0E152407FF90}"
EndProject
Project("{2150E333-8FDC-42A3-9474-1A3956D46DE8}") = "Generate", "Generate", "{82A16271-31D9-48B8-AFCF-C5C5A51323A1}"
EndProject
Project("{2150E333-8FDC-42A3-9474-1A3956D46DE8}") = "Shared", "Shared", "{F8BD0788-8682-4614-8214-F1417D8C31EF}"
EndProject
Project("{2150E333-8FDC-42A3-9474-1A3956D46DE8}") = "Tests", "Tests", "{351477E1-90C7-407D-B825-05F2D291CB99}"
EndProject
Project("{FAE04EC0-301F-11D3-BF4B-00C04F79EFBC}") = "tScreen.Scratch", "tScreen.Scratch\tScreen.Scratch.csproj", "{2DDB6601-1E02-4719-8D52-F858CA296E2C}"
EndProject
Project("{2150E333-8FDC-42A3-9474-1A3956D46DE8}") = "Infra", "Infra", "{E9BA209B-F5E4-4855-A96F-9C2AEA3EC6B8}"
EndProject
Project("{FAE04EC0-301F-11D3-BF4B-00C04F79EFBC}") = "tScreen.Infra.Core", "tScreen.Infra.Core\tScreen.Infra.Core.csproj", "{52563DE2-BE94-47F5-B7D3-51433F53BACC}"
EndProject
Project("{FAE04EC0-301F-11D3-BF4B-00C04F79EFBC}") = "tScreen.Infra.Main", "tScreen.Infra.Main\tScreen.Infra.Main.csproj", "{D00BF3B7-28D8-4114-A97E-D6DFB4A6DA98}"
EndProject
Project("{FAE04EC0-301F-11D3-BF4B-00C04F79EFBC}") = "tScreen.Infra.Shared", "tScreen.Infra.Shared\tScreen.Infra.Shared.csproj", "{126C5E6E-3204-48C6-9A57-3DE2F7252C1A}"
EndProject
Project("{FAE04EC0-301F-11D3-BF4B-00C04F79EFBC}") = "Data", "Data\Data.csproj", "{2F441077-F61D-40DD-84D0-373F22282C00}"
EndProject
Project("{FAE04EC0-301F-11D3-BF4B-00C04F79EFBC}") = "Domain", "Domain\Domain.csproj", "{FDA36BDF-39C3-4022-8DE5-13220638C90D}"
EndProject
Project("{FAE04EC0-301F-11D3-BF4B-00C04F79EFBC}") = "tScreen.TestDataGenerator", "tScreen.TestDataGenerator\tScreen.TestDataGenerator.csproj", "{BAE0AB05-014D-49B3-BE52-341BB43F2A94}"
EndProject
Project("{FAE04EC0-301F-11D3-BF4B-00C04F79EFBC}") = "Application", "Application\Application.csproj", "{E0F8EE63-980A-4778-A47A-75835C375325}"
EndProject
Project("{FAE04EC0-301F-11D3-BF4B-00C04F79EFBC}") = "Core", "Core\Core.csproj", "{753AA2AD-C9F0-4D27-BD5B-DF2AF35F8153}"
EndProject
Project("{FAE04EC0-301F-11D3-BF4B-00C04F79EFBC}") = "Infrastructure", "frastructure\Infrastructure.csproj", "{6F6BEC7B-9175-4E0D-9068-C0E60B8BB7BA}"
EndProject
Global
	GlobalSection(SolutionConfigurationPlatforms) = preSolution
		Debug|Any CPU = Debug|Any CPU
		Release|Any CPU = Release|Any CPU
	EndGlobalSection
	GlobalSection(ProjectConfigurationPlatforms) = postSolution
		{7439AE24-620A-42B3-9811-31507017D22D}.Debug|Any CPU.ActiveCfg = Debug|Any CPU
		{7439AE24-620A-42B3-9811-31507017D22D}.Debug|Any CPU.Build.0 = Debug|Any CPU
		{7439AE24-620A-42B3-9811-31507017D22D}.Release|Any CPU.ActiveCfg = Release|Any CPU
		{7439AE24-620A-42B3-9811-31507017D22D}.Release|Any CPU.Build.0 = Release|Any CPU
		{A3277BB4-241D-4C96-B9F0-F37B80C20899}.Debug|Any CPU.ActiveCfg = Debug|Any CPU
		{A3277BB4-241D-4C96-B9F0-F37B80C20899}.Debug|Any CPU.Build.0 = Debug|Any CPU
		{A3277BB4-241D-4C96-B9F0-F37B80C20899}.Release|Any CPU.ActiveCfg = Release|Any CPU
		{A3277BB4-241D-4C96-B9F0-F37B80C20899}.Release|Any CPU.Build.0 = Release|Any CPU
		{2DDB6601-1E02-4719-8D52-F858CA296E2C}.Debug|Any CPU.ActiveCfg = Debug|Any CPU
		{2DDB6601-1E02-4719-8D52-F858CA296E2C}.Debug|Any CPU.Build.0 = Debug|Any CPU
		{2DDB6601-1E02-4719-8D52-F858CA296E2C}.Release|Any CPU.ActiveCfg = Release|Any CPU
		{2DDB6601-1E02-4719-8D52-F858CA296E2C}.Release|Any CPU.Build.0 = Release|Any CPU
		{52563DE2-BE94-47F5-B7D3-51433F53BACC}.Debug|Any CPU.ActiveCfg = Debug|Any CPU
		{52563DE2-BE94-47F5-B7D3-51433F53BACC}.Debug|Any CPU.Build.0 = Debug|Any CPU
		{52563DE2-BE94-47F5-B7D3-51433F53BACC}.Release|Any CPU.ActiveCfg = Release|Any CPU
		{52563DE2-BE94-47F5-B7D3-51433F53BACC}.Release|Any CPU.Build.0 = Release|Any CPU
		{D00BF3B7-28D8-4114-A97E-D6DFB4A6DA98}.Debug|Any CPU.ActiveCfg = Debug|Any CPU
		{D00BF3B7-28D8-4114-A97E-D6DFB4A6DA98}.Debug|Any CPU.Build.0 = Debug|Any CPU
		{D00BF3B7-28D8-4114-A97E-D6DFB4A6DA98}.Release|Any CPU.ActiveCfg = Release|Any CPU
		{D00BF3B7-28D8-4114-A97E-D6DFB4A6DA98}.Release|Any CPU.Build.0 = Release|Any CPU
		{126C5E6E-3204-48C6-9A57-3DE2F7252C1A}.Debug|Any CPU.ActiveCfg = Debug|Any CPU
		{126C5E6E-3204-48C6-9A57-3DE2F7252C1A}.Debug|Any CPU.Build.0 = Debug|Any CPU
		{126C5E6E-3204-48C6-9A57-3DE2F7252C1A}.Release|Any CPU.ActiveCfg = Release|Any CPU
		{126C5E6E-3204-48C6-9A57-3DE2F7252C1A}.Release|Any CPU.Build.0 = Release|Any CPU
		{2F441077-F61D-40DD-84D0-373F22282C00}.Debug|Any CPU.ActiveCfg = Debug|Any CPU
		{2F441077-F61D-40DD-84D0-373F22282C00}.Debug|Any CPU.Build.0 = Debug|Any CPU
		{2F441077-F61D-40DD-84D0-373F22282C00}.Release|Any CPU.ActiveCfg = Release|Any CPU
		{2F441077-F61D-40DD-84D0-373F22282C00}.Release|Any CPU.Build.0 = Release|Any CPU
		{FDA36BDF-39C3-4022-8DE5-13220638C90D}.Debug|Any CPU.ActiveCfg = Debug|Any CPU
		{FDA36BDF-39C3-4022-8DE5-13220638C90D}.Debug|Any CPU.Build.0 = Debug|Any CPU
		{FDA36BDF-39C3-4022-8DE5-13220638C90D}.Release|Any CPU.ActiveCfg = Release|Any CPU
		{FDA36BDF-39C3-4022-8DE5-13220638C90D}.Release|Any CPU.Build.0 = Release|Any CPU
		{BAE0AB05-014D-49B3-BE52-341BB43F2A94}.Debug|Any CPU.ActiveCfg = Debug|Any CPU
		{BAE0AB05-014D-49B3-BE52-341BB43F2A94}.Debug|Any CPU.Build.0 = Debug|Any CPU
		{BAE0AB05-014D-49B3-BE52-341BB43F2A94}.Release|Any CPU.ActiveCfg = Release|Any CPU
		{BAE0AB05-014D-49B3-BE52-341BB43F2A94}.Release|Any CPU.Build.0 = Release|Any CPU
		{E0F8EE63-980A-4778-A47A-75835C375325}.Debug|Any CPU.ActiveCfg = Debug|Any CPU
		{E0F8EE63-980A-4778-A47A-75835C375325}.Debug|Any CPU.Build.0 = Debug|Any CPU
		{E0F8EE63-980A-4778-A47A-75835C375325}.Release|Any CPU.ActiveCfg = Release|Any CPU
		{E0F8EE63-980A-4778-A47A-75835C375325}.Release|Any CPU.Build.0 = Release|Any CPU
		{753AA2AD-C9F0-4D27-BD5B-DF2AF35F8153}.Debug|Any CPU.ActiveCfg = Debug|Any CPU
		{753AA2AD-C9F0-4D27-BD5B-DF2AF35F8153}.Debug|Any CPU.Build.0 = Debug|Any CPU
		{753AA2AD-C9F0-4D27-BD5B-DF2AF35F8153}.Release|Any CPU.ActiveCfg = Release|Any CPU
		{753AA2AD-C9F0-4D27-BD5B-DF2AF35F8153}.Release|Any CPU.Build.0 = Release|Any CPU
		{6F6BEC7B-9175-4E0D-9068-C0E60B8BB7BA}.Debug|Any CPU.ActiveCfg = Debug|Any CPU
		{6F6BEC7B-9175-4E0D-9068-C0E60B8BB7BA}.Debug|Any CPU.Build.0 = Debug|Any CPU
		{6F6BEC7B-9175-4E0D-9068-C0E60B8BB7BA}.Release|Any CPU.ActiveCfg = Release|Any CPU
		{6F6BEC7B-9175-4E0D-9068-C0E60B8BB7BA}.Release|Any CPU.Build.0 = Release|Any CPU
	EndGlobalSection
	GlobalSection(SolutionProperties) = preSolution
		HideSolutionNode = FALSE
	EndGlobalSection
	GlobalSection(NestedProjects) = preSolution
		{7439AE24-620A-42B3-9811-31507017D22D} = {B28608C7-6EE3-4342-AE03-4D7D5E4226A6}
		{EDCD9B2B-2876-412F-847A-9C68C1985914} = {B28608C7-6EE3-4342-AE03-4D7D5E4226A6}
		{A3277BB4-241D-4C96-B9F0-F37B80C20899} = {EDCD9B2B-2876-412F-847A-9C68C1985914}
		{E9BA209B-F5E4-4855-A96F-9C2AEA3EC6B8} = {FF4567A3-01BC-4CC5-965C-46DC5C6158C1}
		{52563DE2-BE94-47F5-B7D3-51433F53BACC} = {E9BA209B-F5E4-4855-A96F-9C2AEA3EC6B8}
		{D00BF3B7-28D8-4114-A97E-D6DFB4A6DA98} = {E9BA209B-F5E4-4855-A96F-9C2AEA3EC6B8}
		{126C5E6E-3204-48C6-9A57-3DE2F7252C1A} = {E9BA209B-F5E4-4855-A96F-9C2AEA3EC6B8}
		{2F441077-F61D-40DD-84D0-373F22282C00} = {F0650443-1779-4374-88B2-0E152407FF90}
		{FDA36BDF-39C3-4022-8DE5-13220638C90D} = {F0650443-1779-4374-88B2-0E152407FF90}
		{BAE0AB05-014D-49B3-BE52-341BB43F2A94} = {82A16271-31D9-48B8-AFCF-C5C5A51323A1}
		{E0F8EE63-980A-4778-A47A-75835C375325} = {F8BD0788-8682-4614-8214-F1417D8C31EF}
		{753AA2AD-C9F0-4D27-BD5B-DF2AF35F8153} = {F8BD0788-8682-4614-8214-F1417D8C31EF}
		{6F6BEC7B-9175-4E0D-9068-C0E60B8BB7BA} = {F8BD0788-8682-4614-8214-F1417D8C31EF}
	EndGlobalSection
	GlobalSection(ExtensibilityGlobals) = postSolution
		SolutionGuid = {88D5ACE4-C1AD-4043-A6E6-3F4A319545E7}
	EndGlobalSection
EndGlobal
