
Microsoft Visual Studio Solution File, Format Version 12.00
# Visual Studio Version 17
VisualStudioVersion = 17.5.33414.496
MinimumVisualStudioVersion = 10.0.40219.1
Project("{FAE04EC0-301F-11D3-BF4B-00C04F79EFBC}") = "tScreen.Api", "tScreen.Api\tScreen.Api.csproj", "{7439AE24-620A-42B3-9811-31507017D22D}"
EndProject
Global
	GlobalSection(SolutionConfigurationPlatforms) = preSolution
		Debug|Any CPU = Debug|Any CPU
		Release|Any CPU = Release|Any CPU
	EndGlobalSection
	GlobalSection(ProjectConfigurationPlatforms) = postSolution
		{7439AE24-620A-42B3-9811-31507017D22D}.Debug|Any CPU.ActiveCfg = Debug|Any CPU
		{7439AE24-620A-42B3-9811-31507017D22D}.Debug|Any CPU.Build.0 = Debug|Any CPU
		{7439AE24-620A-42B3-9811-31507017D22D}.Release|Any CPU.ActiveCfg = Release|Any CPU
		{7439AE24-620A-42B3-9811-31507017D22D}.Release|Any CPU.Build.0 = Release|Any CPU
	EndGlobalSection
	GlobalSection(SolutionProperties) = preSolution
		HideSolutionNode = FALSE
	EndGlobalSection
	GlobalSection(ExtensibilityGlobals) = postSolution
		SolutionGuid = {88D5ACE4-C1AD-4043-A6E6-3F4A319545E7}
	EndGlobalSection
EndGlobal
